
Microsoft Visual Studio Solution File, Format Version 12.00
# Visual Studio Version 17
VisualStudioVersion = 17.0.32112.339
MinimumVisualStudioVersion = 10.0.40219.1
Project("{FAE04EC0-301F-11D3-BF4B-00C04F79EFBC}") = "M2Task9.1", "M2Task9.1\M2Task9.1.csproj", "{99D8CE2A-4E39-41DB-991F-A616B3FA2F01}"
EndProject
Global
	GlobalSection(SolutionConfigurationPlatforms) = preSolution
		Debug|Any CPU = Debug|Any CPU
		Release|Any CPU = Release|Any CPU
	EndGlobalSection
	GlobalSection(ProjectConfigurationPlatforms) = postSolution
		{99D8CE2A-4E39-41DB-991F-A616B3FA2F01}.Debug|Any CPU.ActiveCfg = Debug|Any CPU
		{99D8CE2A-4E39-41DB-991F-A616B3FA2F01}.Debug|Any CPU.Build.0 = Debug|Any CPU
		{99D8CE2A-4E39-41DB-991F-A616B3FA2F01}.Release|Any CPU.ActiveCfg = Release|Any CPU
		{99D8CE2A-4E39-41DB-991F-A616B3FA2F01}.Release|Any CPU.Build.0 = Release|Any CPU
	EndGlobalSection
	GlobalSection(SolutionProperties) = preSolution
		HideSolutionNode = FALSE
	EndGlobalSection
	GlobalSection(ExtensibilityGlobals) = postSolution
		SolutionGuid = {10A5883D-C078-4DD7-9A61-B75E82FA60E5}
	EndGlobalSection
EndGlobal
